
Microsoft Visual Studio Solution File, Format Version 12.00
# Visual Studio 15
VisualStudioVersion = 15.0.28307.329
MinimumVisualStudioVersion = 10.0.40219.1
Project("{FAE04EC0-301F-11D3-BF4B-00C04F79EFBC}") = "PromoSeeker", "PromoSeeker.csproj", "{A2895E55-670C-4341-A856-45E9A315FE2A}"
EndProject
Global
	GlobalSection(SolutionConfigurationPlatforms) = preSolution
		Debug|Any CPU = Debug|Any CPU
		Release|Any CPU = Release|Any CPU
	EndGlobalSection
	GlobalSection(ProjectConfigurationPlatforms) = postSolution
		{A2895E55-670C-4341-A856-45E9A315FE2A}.Debug|Any CPU.ActiveCfg = Debug|Any CPU
		{A2895E55-670C-4341-A856-45E9A315FE2A}.Debug|Any CPU.Build.0 = Debug|Any CPU
		{A2895E55-670C-4341-A856-45E9A315FE2A}.Release|Any CPU.ActiveCfg = Release|Any CPU
		{A2895E55-670C-4341-A856-45E9A315FE2A}.Release|Any CPU.Build.0 = Release|Any CPU
	EndGlobalSection
	GlobalSection(SolutionProperties) = preSolution
		HideSolutionNode = FALSE
	EndGlobalSection
	GlobalSection(ExtensibilityGlobals) = postSolution
		SolutionGuid = {4FE08C35-A590-4670-9333-B1B31F350A5A}
	EndGlobalSection
EndGlobal
